github.com/bluenviron/gortsplib/v4 v4.12.3 h1:3EzbyGb5+MIOJQYiWytRegFEP4EW5paiyTrscQj63WE=
github.com/bluenviron/gortsplib/v4 v4.12.3/go.mod h1:SkZPdaMNr+IvHt2PKRjUXxZN6FDutmSZn4eT0GmF0sk=
github.com/bluenviron/mediacommon v1.14.0 h1:lWCwOBKNKgqmspRpwpvvg3CidYm+XOc2+z/Jw7LM5dQ=
github.com/bluenviron/mediacommon v1.14.0/go.mod h1:z5LP9Tm1ZNfQV5Co54PyOzaIhGMusDfRKmh42nQSnyo=
github.com/google/uuid v1.6.0 h1:NIvaJDMOsjHA8n1jAhLSgzrAzy1Hgr+hNrb57e+94F0=
github.com/google/uuid v1.6.0/go.mod h1:TIyPZe4MgqvfeYDBFedMoGGpEw/LqOeaOT+nhxU+yHo=
github.com/pion/randutil v0.1.0 h1:CFG1UdESneORglEsnimhUjf33Rwjubwj6xfiOXBa3mA=
github.com/pion/randutil v0.1.0/go.mod h1:XcJrSMMbbMRhASFVOlj/5hQial/Y8oH/HVo7TBZq+j8=
github.com/pion/rtcp v1.2.15 h1:LZQi2JbdipLOj4eBjK4wlVoQWfrZbh3Q6eHtWtJBZBo=
github.com/pion/rtcp v1.2.15/go.mod h1:jlGuAjHMEXwMUHK78RgX0UmEJFV4zUKOFHR7OP+D3D0=
github.com/pion/rtp v1.8.11 h1:17xjnY5WO5hgO6SD3/NTIUPvSFw/PbLsIJyz1r1yNIk=
github.com/pion/rtp v1.8.11/go.mod h1:8uMBJj32Pa1wwx8Fuv/AsFhn8jsgw+3rUC2PfoBZ8p4=
github.com/pion/sdp/v3 v3.0.10 h1:6MChLE/1xYB+CjumMw+gZ9ufp2DPApuVSnDT8t5MIgA=
github.com/pion/sdp/v3 v3.0.10/go.mod h1:88GMahN5xnScv1hIMTqLdu/cOcUkj6a9ytbncwMCq2E=
golang.org/x/net v0.34.0 h1:Mb7Mrk043xzHgnRM88suvJFwzVrRfHEHJEl5/71CKw0=
golang.org/x/net v0.34.0/go.mod h1:di0qlW3YNM5oh6GqDGQr92MyTozJPmybPK4Ev/Gm31k=
golang.org/x/sys v0.29.0 h1:TPYlXGxvx1MGTn2GiZDhnjPA9wZzZeGKHHmKhHYvgaU=
golang.org/x/sys v0.29.0/go.mod h1:/VUhepiaJMQUp4+oa/7Zr1D23ma6VTLIYjOOTFZPUcA=
